
Microsoft Visual Studio Solution File, Format Version 12.00
# Visual Studio Version 17
VisualStudioVersion = 17.6.33829.357
MinimumVisualStudioVersion = 10.0.40219.1
Project("{FAE04EC0-301F-11D3-BF4B-00C04F79EFBC}") = "InstallerTestProject", "InstallerTestProject\InstallerTestProject.csproj", "{BFD84EF2-FB33-4E5C-9C25-8CF948DED7A2}"
EndProject
Global
	GlobalSection(SolutionConfigurationPlatforms) = preSolution
		Debug|Any CPU = Debug|Any CPU
		Release|Any CPU = Release|Any CPU
	EndGlobalSection
	GlobalSection(ProjectConfigurationPlatforms) = postSolution
		{BFD84EF2-FB33-4E5C-9C25-8CF948DED7A2}.Debug|Any CPU.ActiveCfg = Debug|Any CPU
		{BFD84EF2-FB33-4E5C-9C25-8CF948DED7A2}.Debug|Any CPU.Build.0 = Debug|Any CPU
		{BFD84EF2-FB33-4E5C-9C25-8CF948DED7A2}.Release|Any CPU.ActiveCfg = Release|Any CPU
		{BFD84EF2-FB33-4E5C-9C25-8CF948DED7A2}.Release|Any CPU.Build.0 = Release|Any CPU
	EndGlobalSection
	GlobalSection(SolutionProperties) = preSolution
		HideSolutionNode = FALSE
	EndGlobalSection
	GlobalSection(ExtensibilityGlobals) = postSolution
		SolutionGuid = {B8D9B60F-CFDD-4285-AAFE-4E2EF11EDDAB}
	EndGlobalSection
EndGlobal
